
Microsoft Visual Studio Solution File, Format Version 12.00
# Visual Studio 15
VisualStudioVersion = 15.0.27703.2035
MinimumVisualStudioVersion = 10.0.40219.1
Project("{9A19103F-16F7-4668-BE54-9A1E7A4F7556}") = "Fellowship.Server", "Fellowship.Server\Fellowship.Server.csproj", "{103FE3FA-8D2A-47D6-853B-E1452A799073}"
EndProject
Project("{FAE04EC0-301F-11D3-BF4B-00C04F79EFBC}") = "Fellowship.Common", "Fellowship.Common\Fellowship.Common.csproj", "{79B2BC9F-4A3B-4BA8-9E6B-6FA42A79530C}"
EndProject
Project("{2150E333-8FDC-42A3-9474-1A3956D46DE8}") = "Solution Items", "Solution Items", "{FD047A42-12C6-4812-A942-EFFF736EAA67}"
	ProjectSection(SolutionItems) = preProject
		config.json = config.json
		LICENSE.MD = LICENSE.MD
		README.MD = README.MD
	EndProjectSection
	ProjectSection(FolderGlobals) = preProject
		__JSONSchema = 
	EndProjectSection
EndProject
Global
	GlobalSection(SolutionConfigurationPlatforms) = preSolution
		Debug|Any CPU = Debug|Any CPU
		Release|Any CPU = Release|Any CPU
	EndGlobalSection
	GlobalSection(ProjectConfigurationPlatforms) = postSolution
		{103FE3FA-8D2A-47D6-853B-E1452A799073}.Debug|Any CPU.ActiveCfg = Debug|Any CPU
		{103FE3FA-8D2A-47D6-853B-E1452A799073}.Debug|Any CPU.Build.0 = Debug|Any CPU
		{103FE3FA-8D2A-47D6-853B-E1452A799073}.Release|Any CPU.ActiveCfg = Release|Any CPU
		{103FE3FA-8D2A-47D6-853B-E1452A799073}.Release|Any CPU.Build.0 = Release|Any CPU
		{79B2BC9F-4A3B-4BA8-9E6B-6FA42A79530C}.Debug|Any CPU.ActiveCfg = Debug|Any CPU
		{79B2BC9F-4A3B-4BA8-9E6B-6FA42A79530C}.Debug|Any CPU.Build.0 = Debug|Any CPU
		{79B2BC9F-4A3B-4BA8-9E6B-6FA42A79530C}.Release|Any CPU.ActiveCfg = Release|Any CPU
		{79B2BC9F-4A3B-4BA8-9E6B-6FA42A79530C}.Release|Any CPU.Build.0 = Release|Any CPU
	EndGlobalSection
	GlobalSection(SolutionProperties) = preSolution
		HideSolutionNode = FALSE
	EndGlobalSection
	GlobalSection(ExtensibilityGlobals) = postSolution
		SolutionGuid = {7A9BDB50-8FED-4EB4-8BB2-9F6BD9DAB62B}
	EndGlobalSection
EndGlobal
